PODS:
  - Flutter (1.0.0)
  - flutter_torch (0.0.1):
    - Flutter

DEPENDENCIES:
  - Flutter (from `.symlinks/flutter/ios`)
  - flutter_torch (from `.symlinks/plugins/flutter_torch/ios`)

EXTERNAL SOURCES:
  Flutter:
    :path: ".symlinks/flutter/ios"
  flutter_torch:
    :path: ".symlinks/plugins/flutter_torch/ios"

SPEC CHECKSUMS:
  Flutter: 0e3d915762c693b495b44d77113d4970485de6ec
  flutter_torch: eba095adcfc1d6c9ebff44e4026098d0e62d8bb5

PODFILE CHECKSUM: b6a0a141693093b304368d08511b46cf3d1d0ac5

COCOAPODS: 1.8.3
